
Microsoft Visual Studio Solution File, Format Version 12.00
# Visual Studio Version 17
VisualStudioVersion = 17.0.31903.59
MinimumVisualStudioVersion = 10.0.40219.1
Project("{2150E333-8FDC-42A3-9474-1A3956D46DE8}") = "src", "src", "{827E0CD3-B72D-47B6-A68D-7590B98EB39B}"
EndProject
Project("{2150E333-8FDC-42A3-9474-1A3956D46DE8}") = "client", "client", "{C5A3B5EA-BE9F-76E5-E9B8-8A22B289B295}"
EndProject
Project("{FAE04EC0-301F-11D3-BF4B-00C04F79EFBC}") = "TaskManagement.Client", "src\client\TaskManagement.Client\TaskManagement.Client.csproj", "{4EB60545-EF74-42A7-ABF1-52D6FA670EC2}"
EndProject
Project("{2150E333-8FDC-42A3-9474-1A3956D46DE8}") = "shared", "shared", "{C8E42992-5E42-0C2B-DBFE-AA848D06431C}"
EndProject
Project("{FAE04EC0-301F-11D3-BF4B-00C04F79EFBC}") = "TaskManagement.Models", "src\shared\TaskManagement.Models\TaskManagement.Models.csproj", "{81C98B80-F0F0-445F-A66F-EA08802B10B2}"
EndProject
Project("{FAE04EC0-301F-11D3-BF4B-00C04F79EFBC}") = "TaskManagement.Shared", "src\shared\TaskManagement.Shared\TaskManagement.Shared.csproj", "{A886C6FB-501C-42C1-B0E9-B6EEF6E4FF9E}"
EndProject
Project("{2150E333-8FDC-42A3-9474-1A3956D46DE8}") = "services", "services", "{984BB9B3-3FA3-BE33-9484-CAC21695A33C}"
EndProject
Project("{2150E333-8FDC-42A3-9474-1A3956D46DE8}") = "database", "database", "{76D67ED7-F942-09D1-EB9C-5DD1CD93BD2D}"
EndProject
Project("{2150E333-8FDC-42A3-9474-1A3956D46DE8}") = "TaskManagement.UsersService", "TaskManagement.UsersService", "{AB56F925-953A-9843-966D-2676E7550427}"
EndProject
Project("{FAE04EC0-301F-11D3-BF4B-00C04F79EFBC}") = "TaskManagement_UsersService", "src\services\TaskManagement.UsersService\TaskManagement_UsersService.csproj", "{ADEBDF0E-7FB6-433A-A221-B7E02A708DDC}"
EndProject
Project("{2150E333-8FDC-42A3-9474-1A3956D46DE8}") = "TaskManagement.TasksService", "TaskManagement.TasksService", "{FA0D020C-7D5C-3DDA-CF40-B19367B07C92}"
EndProject
Project("{FAE04EC0-301F-11D3-BF4B-00C04F79EFBC}") = "TaskManagement_TasksService", "src\services\TaskManagement.TasksService\TaskManagement_TasksService.csproj", "{1FFE4D91-BAB6-4452-A49E-8A686E3A98D5}"
EndProject
Project("{2150E333-8FDC-42A3-9474-1A3956D46DE8}") = "TaskManagement.NotificationsService", "TaskManagement.NotificationsService", "{6A6E68E4-8BA6-946A-8F2D-0DBDEA8F1CE8}"
EndProject
Project("{FAE04EC0-301F-11D3-BF4B-00C04F79EFBC}") = "TaskManagement_NotificationsService", "src\services\TaskManagement.NotificationsService\TaskManagement_NotificationsService.csproj", "{C3855556-E2AB-46CE-BA42-7D51F7F314C0}"
EndProject
Project("{2150E333-8FDC-42A3-9474-1A3956D46DE8}") = "TaskManagement.ReportingService", "TaskManagement.ReportingService", "{AEE467FF-E410-DD97-1AFC-F3D9CE53DB73}"
EndProject
Project("{FAE04EC0-301F-11D3-BF4B-00C04F79EFBC}") = "TaskManagement_ReportingService", "src\services\TaskManagement.ReportingService\TaskManagement_ReportingService.csproj", "{26264D79-4DEC-4106-A264-44608F96DD8D}"
EndProject
Project("{FAE04EC0-301F-11D3-BF4B-00C04F79EFBC}") = "TaskManagement.DatabaseSeeder", "src\database\TaskManagement.DatabaseSeeder\TaskManagement.DatabaseSeeder.csproj", "{E7F8A9B0-1C2D-3E4F-5A6B-7C8D9E0F1A2B}"
EndProject
Project("{2150E333-8FDC-42A3-9474-1A3956D46DE8}") = "TaskManagement.ProjectionService", "TaskManagement.ProjectionService", "{9F8E7D6C-5B4A-3C2E-1D9F-8A7B6C5D4E3F}"
EndProject
Project("{2150E333-8FDC-42A3-9474-1A3956D46DE8}") = "TaskManagement.ReadApi", "TaskManagement.ReadApi", "{1E2F3A4B-5C6D-7890-E1F2-A3B4C5D6E7F8}"
EndProject
Project("{2150E333-8FDC-42A3-9474-1A3956D46DE8}") = "TaskManagement.MaterializedViewProcessor", "TaskManagement.MaterializedViewProcessor", "{2F3A4B5C-6D7E-8901-F2A3-B4C5D6E7F890}"
EndProject
Project("{FAE04EC0-301F-11D3-BF4B-00C04F79EFBC}") = "TaskManagement.MaterializedViewProcessor", "src\services\TaskManagement.MaterializedViewProcessor\TaskManagement.MaterializedViewProcessor.csproj", "{3A4B5C6D-7E8F-9012-A3B4-C5D6E7F89012}"
EndProject
Global
	GlobalSection(SolutionConfigurationPlatforms) = preSolution
		Debug|Any CPU = Debug|Any CPU
		Debug|x64 = Debug|x64
		Debug|x86 = Debug|x86
		Release|Any CPU = Release|Any CPU
		Release|x64 = Release|x64
		Release|x86 = Release|x86
	EndGlobalSection
	GlobalSection(ProjectConfigurationPlatforms) = postSolution
		{4EB60545-EF74-42A7-ABF1-52D6FA670EC2}.Debug|Any CPU.ActiveCfg = Debug|Any CPU
		{4EB60545-EF74-42A7-ABF1-52D6FA670EC2}.Debug|Any CPU.Build.0 = Debug|Any CPU
		{4EB60545-EF74-42A7-ABF1-52D6FA670EC2}.Debug|x64.ActiveCfg = Debug|Any CPU
		{4EB60545-EF74-42A7-ABF1-52D6FA670EC2}.Debug|x64.Build.0 = Debug|Any CPU
		{4EB60545-EF74-42A7-ABF1-52D6FA670EC2}.Debug|x86.ActiveCfg = Debug|Any CPU
		{4EB60545-EF74-42A7-ABF1-52D6FA670EC2}.Debug|x86.Build.0 = Debug|Any CPU
		{4EB60545-EF74-42A7-ABF1-52D6FA670EC2}.Release|Any CPU.ActiveCfg = Release|Any CPU
		{4EB60545-EF74-42A7-ABF1-52D6FA670EC2}.Release|Any CPU.Build.0 = Release|Any CPU
		{4EB60545-EF74-42A7-ABF1-52D6FA670EC2}.Release|x64.ActiveCfg = Release|Any CPU
		{4EB60545-EF74-42A7-ABF1-52D6FA670EC2}.Release|x64.Build.0 = Release|Any CPU
		{4EB60545-EF74-42A7-ABF1-52D6FA670EC2}.Release|x86.ActiveCfg = Release|Any CPU
		{4EB60545-EF74-42A7-ABF1-52D6FA670EC2}.Release|x86.Build.0 = Release|Any CPU
		{81C98B80-F0F0-445F-A66F-EA08802B10B2}.Debug|Any CPU.ActiveCfg = Debug|Any CPU
		{81C98B80-F0F0-445F-A66F-EA08802B10B2}.Debug|Any CPU.Build.0 = Debug|Any CPU
		{81C98B80-F0F0-445F-A66F-EA08802B10B2}.Debug|x64.ActiveCfg = Debug|Any CPU
		{81C98B80-F0F0-445F-A66F-EA08802B10B2}.Debug|x64.Build.0 = Debug|Any CPU
		{81C98B80-F0F0-445F-A66F-EA08802B10B2}.Debug|x86.ActiveCfg = Debug|Any CPU
		{81C98B80-F0F0-445F-A66F-EA08802B10B2}.Debug|x86.Build.0 = Debug|Any CPU
		{81C98B80-F0F0-445F-A66F-EA08802B10B2}.Release|Any CPU.ActiveCfg = Release|Any CPU
		{81C98B80-F0F0-445F-A66F-EA08802B10B2}.Release|Any CPU.Build.0 = Release|Any CPU
		{81C98B80-F0F0-445F-A66F-EA08802B10B2}.Release|x64.ActiveCfg = Release|Any CPU
		{81C98B80-F0F0-445F-A66F-EA08802B10B2}.Release|x64.Build.0 = Release|Any CPU
		{81C98B80-F0F0-445F-A66F-EA08802B10B2}.Release|x86.ActiveCfg = Release|Any CPU
		{81C98B80-F0F0-445F-A66F-EA08802B10B2}.Release|x86.Build.0 = Release|Any CPU
		{A886C6FB-501C-42C1-B0E9-B6EEF6E4FF9E}.Debug|Any CPU.ActiveCfg = Debug|Any CPU
		{A886C6FB-501C-42C1-B0E9-B6EEF6E4FF9E}.Debug|Any CPU.Build.0 = Debug|Any CPU
		{A886C6FB-501C-42C1-B0E9-B6EEF6E4FF9E}.Debug|x64.ActiveCfg = Debug|Any CPU
		{A886C6FB-501C-42C1-B0E9-B6EEF6E4FF9E}.Debug|x64.Build.0 = Debug|Any CPU
		{A886C6FB-501C-42C1-B0E9-B6EEF6E4FF9E}.Debug|x86.ActiveCfg = Debug|Any CPU
		{A886C6FB-501C-42C1-B0E9-B6EEF6E4FF9E}.Debug|x86.Build.0 = Debug|Any CPU
		{A886C6FB-501C-42C1-B0E9-B6EEF6E4FF9E}.Release|Any CPU.ActiveCfg = Release|Any CPU
		{A886C6FB-501C-42C1-B0E9-B6EEF6E4FF9E}.Release|Any CPU.Build.0 = Release|Any CPU
		{A886C6FB-501C-42C1-B0E9-B6EEF6E4FF9E}.Release|x64.ActiveCfg = Release|Any CPU
		{A886C6FB-501C-42C1-B0E9-B6EEF6E4FF9E}.Release|x64.Build.0 = Release|Any CPU
		{A886C6FB-501C-42C1-B0E9-B6EEF6E4FF9E}.Release|x86.ActiveCfg = Release|Any CPU
		{A886C6FB-501C-42C1-B0E9-B6EEF6E4FF9E}.Release|x86.Build.0 = Release|Any CPU
		{ADEBDF0E-7FB6-433A-A221-B7E02A708DDC}.Debug|Any CPU.ActiveCfg = Debug|Any CPU
		{ADEBDF0E-7FB6-433A-A221-B7E02A708DDC}.Debug|Any CPU.Build.0 = Debug|Any CPU
		{ADEBDF0E-7FB6-433A-A221-B7E02A708DDC}.Debug|x64.ActiveCfg = Debug|Any CPU
		{ADEBDF0E-7FB6-433A-A221-B7E02A708DDC}.Debug|x64.Build.0 = Debug|Any CPU
		{ADEBDF0E-7FB6-433A-A221-B7E02A708DDC}.Debug|x86.ActiveCfg = Debug|Any CPU
		{ADEBDF0E-7FB6-433A-A221-B7E02A708DDC}.Debug|x86.Build.0 = Debug|Any CPU
		{ADEBDF0E-7FB6-433A-A221-B7E02A708DDC}.Release|Any CPU.ActiveCfg = Release|Any CPU
		{ADEBDF0E-7FB6-433A-A221-B7E02A708DDC}.Release|Any CPU.Build.0 = Release|Any CPU
		{ADEBDF0E-7FB6-433A-A221-B7E02A708DDC}.Release|x64.ActiveCfg = Release|Any CPU
		{ADEBDF0E-7FB6-433A-A221-B7E02A708DDC}.Release|x64.Build.0 = Release|Any CPU
		{ADEBDF0E-7FB6-433A-A221-B7E02A708DDC}.Release|x86.ActiveCfg = Release|Any CPU
		{ADEBDF0E-7FB6-433A-A221-B7E02A708DDC}.Release|x86.Build.0 = Release|Any CPU
		{1FFE4D91-BAB6-4452-A49E-8A686E3A98D5}.Debug|Any CPU.ActiveCfg = Debug|Any CPU
		{1FFE4D91-BAB6-4452-A49E-8A686E3A98D5}.Debug|Any CPU.Build.0 = Debug|Any CPU
		{1FFE4D91-BAB6-4452-A49E-8A686E3A98D5}.Debug|x64.ActiveCfg = Debug|Any CPU
		{1FFE4D91-BAB6-4452-A49E-8A686E3A98D5}.Debug|x64.Build.0 = Debug|Any CPU
		{1FFE4D91-BAB6-4452-A49E-8A686E3A98D5}.Debug|x86.ActiveCfg = Debug|Any CPU
		{1FFE4D91-BAB6-4452-A49E-8A686E3A98D5}.Debug|x86.Build.0 = Debug|Any CPU
		{1FFE4D91-BAB6-4452-A49E-8A686E3A98D5}.Release|Any CPU.ActiveCfg = Release|Any CPU
		{1FFE4D91-BAB6-4452-A49E-8A686E3A98D5}.Release|Any CPU.Build.0 = Release|Any CPU
		{1FFE4D91-BAB6-4452-A49E-8A686E3A98D5}.Release|x64.ActiveCfg = Release|Any CPU
		{1FFE4D91-BAB6-4452-A49E-8A686E3A98D5}.Release|x64.Build.0 = Release|Any CPU
		{1FFE4D91-BAB6-4452-A49E-8A686E3A98D5}.Release|x86.ActiveCfg = Release|Any CPU
		{1FFE4D91-BAB6-4452-A49E-8A686E3A98D5}.Release|x86.Build.0 = Release|Any CPU
		{C3855556-E2AB-46CE-BA42-7D51F7F314C0}.Debug|Any CPU.ActiveCfg = Debug|Any CPU
		{C3855556-E2AB-46CE-BA42-7D51F7F314C0}.Debug|Any CPU.Build.0 = Debug|Any CPU
		{C3855556-E2AB-46CE-BA42-7D51F7F314C0}.Debug|x64.ActiveCfg = Debug|Any CPU
		{C3855556-E2AB-46CE-BA42-7D51F7F314C0}.Debug|x64.Build.0 = Debug|Any CPU
		{C3855556-E2AB-46CE-BA42-7D51F7F314C0}.Debug|x86.ActiveCfg = Debug|Any CPU
		{C3855556-E2AB-46CE-BA42-7D51F7F314C0}.Debug|x86.Build.0 = Debug|Any CPU
		{C3855556-E2AB-46CE-BA42-7D51F7F314C0}.Release|Any CPU.ActiveCfg = Release|Any CPU
		{C3855556-E2AB-46CE-BA42-7D51F7F314C0}.Release|Any CPU.Build.0 = Release|Any CPU
		{C3855556-E2AB-46CE-BA42-7D51F7F314C0}.Release|x64.ActiveCfg = Release|Any CPU
		{C3855556-E2AB-46CE-BA42-7D51F7F314C0}.Release|x64.Build.0 = Release|Any CPU
		{C3855556-E2AB-46CE-BA42-7D51F7F314C0}.Release|x86.ActiveCfg = Release|Any CPU
		{C3855556-E2AB-46CE-BA42-7D51F7F314C0}.Release|x86.Build.0 = Release|Any CPU
		{26264D79-4DEC-4106-A264-44608F96DD8D}.Debug|Any CPU.ActiveCfg = Debug|Any CPU
		{26264D79-4DEC-4106-A264-44608F96DD8D}.Debug|Any CPU.Build.0 = Debug|Any CPU
		{26264D79-4DEC-4106-A264-44608F96DD8D}.Debug|x64.ActiveCfg = Debug|Any CPU
		{26264D79-4DEC-4106-A264-44608F96DD8D}.Debug|x64.Build.0 = Debug|Any CPU
		{26264D79-4DEC-4106-A264-44608F96DD8D}.Debug|x86.ActiveCfg = Debug|Any CPU
		{26264D79-4DEC-4106-A264-44608F96DD8D}.Debug|x86.Build.0 = Debug|Any CPU
		{26264D79-4DEC-4106-A264-44608F96DD8D}.Release|Any CPU.ActiveCfg = Release|Any CPU
		{26264D79-4DEC-4106-A264-44608F96DD8D}.Release|Any CPU.Build.0 = Release|Any CPU
		{26264D79-4DEC-4106-A264-44608F96DD8D}.Release|x64.ActiveCfg = Release|Any CPU
		{26264D79-4DEC-4106-A264-44608F96DD8D}.Release|x64.Build.0 = Release|Any CPU
		{26264D79-4DEC-4106-A264-44608F96DD8D}.Release|x86.ActiveCfg = Release|Any CPU
		{26264D79-4DEC-4106-A264-44608F96DD8D}.Release|x86.Build.0 = Release|Any CPU
		{E7F8A9B0-1C2D-3E4F-5A6B-7C8D9E0F1A2B}.Debug|Any CPU.ActiveCfg = Debug|Any CPU
		{E7F8A9B0-1C2D-3E4F-5A6B-7C8D9E0F1A2B}.Debug|Any CPU.Build.0 = Debug|Any CPU
		{E7F8A9B0-1C2D-3E4F-5A6B-7C8D9E0F1A2B}.Debug|x64.ActiveCfg = Debug|Any CPU
		{E7F8A9B0-1C2D-3E4F-5A6B-7C8D9E0F1A2B}.Debug|x64.Build.0 = Debug|Any CPU
		{E7F8A9B0-1C2D-3E4F-5A6B-7C8D9E0F1A2B}.Debug|x86.ActiveCfg = Debug|Any CPU
		{E7F8A9B0-1C2D-3E4F-5A6B-7C8D9E0F1A2B}.Debug|x86.Build.0 = Debug|Any CPU
		{E7F8A9B0-1C2D-3E4F-5A6B-7C8D9E0F1A2B}.Release|Any CPU.ActiveCfg = Release|Any CPU
		{E7F8A9B0-1C2D-3E4F-5A6B-7C8D9E0F1A2B}.Release|Any CPU.Build.0 = Release|Any CPU
		{E7F8A9B0-1C2D-3E4F-5A6B-7C8D9E0F1A2B}.Release|x64.ActiveCfg = Release|Any CPU
		{E7F8A9B0-1C2D-3E4F-5A6B-7C8D9E0F1A2B}.Release|x64.Build.0 = Release|Any CPU
		{E7F8A9B0-1C2D-3E4F-5A6B-7C8D9E0F1A2B}.Release|x86.ActiveCfg = Release|Any CPU
		{E7F8A9B0-1C2D-3E4F-5A6B-7C8D9E0F1A2B}.Release|x86.Build.0 = Release|Any CPU
		{3A4B5C6D-7E8F-9012-A3B4-C5D6E7F89012}.Debug|Any CPU.ActiveCfg = Debug|Any CPU
		{3A4B5C6D-7E8F-9012-A3B4-C5D6E7F89012}.Debug|Any CPU.Build.0 = Debug|Any CPU
		{3A4B5C6D-7E8F-9012-A3B4-C5D6E7F89012}.Debug|x64.ActiveCfg = Debug|Any CPU
		{3A4B5C6D-7E8F-9012-A3B4-C5D6E7F89012}.Debug|x64.Build.0 = Debug|Any CPU
		{3A4B5C6D-7E8F-9012-A3B4-C5D6E7F89012}.Debug|x86.ActiveCfg = Debug|Any CPU
		{3A4B5C6D-7E8F-9012-A3B4-C5D6E7F89012}.Debug|x86.Build.0 = Debug|Any CPU
		{3A4B5C6D-7E8F-9012-A3B4-C5D6E7F89012}.Release|Any CPU.ActiveCfg = Release|Any CPU
		{3A4B5C6D-7E8F-9012-A3B4-C5D6E7F89012}.Release|Any CPU.Build.0 = Release|Any CPU
		{3A4B5C6D-7E8F-9012-A3B4-C5D6E7F89012}.Release|x64.ActiveCfg = Release|Any CPU
		{3A4B5C6D-7E8F-9012-A3B4-C5D6E7F89012}.Release|x64.Build.0 = Release|Any CPU
		{3A4B5C6D-7E8F-9012-A3B4-C5D6E7F89012}.Release|x86.ActiveCfg = Release|Any CPU
		{3A4B5C6D-7E8F-9012-A3B4-C5D6E7F89012}.Release|x86.Build.0 = Release|Any CPU
	EndGlobalSection
	GlobalSection(SolutionProperties) = preSolution
		HideSolutionNode = FALSE
	EndGlobalSection
	GlobalSection(NestedProjects) = preSolution
		{C5A3B5EA-BE9F-76E5-E9B8-8A22B289B295} = {827E0CD3-B72D-47B6-A68D-7590B98EB39B}
		{4EB60545-EF74-42A7-ABF1-52D6FA670EC2} = {C5A3B5EA-BE9F-76E5-E9B8-8A22B289B295}
		{C8E42992-5E42-0C2B-DBFE-AA848D06431C} = {827E0CD3-B72D-47B6-A68D-7590B98EB39B}
		{81C98B80-F0F0-445F-A66F-EA08802B10B2} = {C8E42992-5E42-0C2B-DBFE-AA848D06431C}
		{A886C6FB-501C-42C1-B0E9-B6EEF6E4FF9E} = {C8E42992-5E42-0C2B-DBFE-AA848D06431C}
		{984BB9B3-3FA3-BE33-9484-CAC21695A33C} = {827E0CD3-B72D-47B6-A68D-7590B98EB39B}
		{76D67ED7-F942-09D1-EB9C-5DD1CD93BD2D} = {827E0CD3-B72D-47B6-A68D-7590B98EB39B}
		{AB56F925-953A-9843-966D-2676E7550427} = {984BB9B3-3FA3-BE33-9484-CAC21695A33C}
		{ADEBDF0E-7FB6-433A-A221-B7E02A708DDC} = {AB56F925-953A-9843-966D-2676E7550427}
		{FA0D020C-7D5C-3DDA-CF40-B19367B07C92} = {984BB9B3-3FA3-BE33-9484-CAC21695A33C}
		{1FFE4D91-BAB6-4452-A49E-8A686E3A98D5} = {FA0D020C-7D5C-3DDA-CF40-B19367B07C92}
		{6A6E68E4-8BA6-946A-8F2D-0DBDEA8F1CE8} = {984BB9B3-3FA3-BE33-9484-CAC21695A33C}
		{C3855556-E2AB-46CE-BA42-7D51F7F314C0} = {6A6E68E4-8BA6-946A-8F2D-0DBDEA8F1CE8}
		{AEE467FF-E410-DD97-1AFC-F3D9CE53DB73} = {984BB9B3-3FA3-BE33-9484-CAC21695A33C}
		{26264D79-4DEC-4106-A264-44608F96DD8D} = {AEE467FF-E410-DD97-1AFC-F3D9CE53DB73}
		{E7F8A9B0-1C2D-3E4F-5A6B-7C8D9E0F1A2B} = {76D67ED7-F942-09D1-EB9C-5DD1CD93BD2D}
		{2F3A4B5C-6D7E-8901-F2A3-B4C5D6E7F890} = {984BB9B3-3FA3-BE33-9484-CAC21695A33C}
		{3A4B5C6D-7E8F-9012-A3B4-C5D6E7F89012} = {2F3A4B5C-6D7E-8901-F2A3-B4C5D6E7F890}
	EndGlobalSection
	GlobalSection(ExtensibilityGlobals) = postSolution
		SolutionGuid = {A330FB0B-7DAB-4198-A4BD-3E5BFDE6C8ED}
	EndGlobalSection
EndGlobal
